// !$*UTF8*$!
{
	archiveVersion = 1;
	classes = {
	};
	objectVersion = 55;
	objects = {

/* Begin PBXBuildFile section */
		02487AF3298BE9D100A735FC /* AppDelegate.swift in Sources */ = {isa = PBXBuildFile; fileRef = 02487AF2298BE9D100A735FC /* AppDelegate.swift */; };
		02487AF5298BE9D100A735FC /* SceneDelegate.swift in Sources */ = {isa = PBXBuildFile; fileRef = 02487AF4298BE9D100A735FC /* SceneDelegate.swift */; };
		02487AF7298BE9D100A735FC /* ViewController.swift in Sources */ = {isa = PBXBuildFile; fileRef = 02487AF6298BE9D100A735FC /* ViewController.swift */; };
		02487AFA298BE9D100A735FC /* Main.storyboard in Resources */ = {isa = PBXBuildFile; fileRef = 02487AF8298BE9D100A735FC /* Main.storyboard */; };
		02487AFC298BE9D100A735FC /* Assets.xcassets in Resources */ = {isa = PBXBuildFile; fileRef = 02487AFB298BE9D100A735FC /* Assets.xcassets */; };
		02487AFF298BE9D100A735FC /* LaunchScreen.storyboard in Resources */ = {isa = PBXBuildFile; fileRef = 02487AFD298BE9D100A735FC /* LaunchScreen.storyboard */; };
		02487B10298BEB0700A735FC /* Then.swift in Sources */ = {isa = PBXBuildFile; fileRef = 02487B0C298BEB0700A735FC /* Then.swift */; };
		02487B11298BEB0700A735FC /* UIView+Extension.swift in Sources */ = {isa = PBXBuildFile; fileRef = 02487B0D298BEB0700A735FC /* UIView+Extension.swift */; };
		02487B12298BEB0700A735FC /* BaseController.swift in Sources */ = {isa = PBXBuildFile; fileRef = 02487B0E298BEB0700A735FC /* BaseController.swift */; };
		02487B13298BEB0700A735FC /* Resources.swift in Sources */ = {isa = PBXBuildFile; fileRef = 02487B0F298BEB0700A735FC /* Resources.swift */; };
		02487B15298BEC6600A735FC /* BaseView.swift in Sources */ = {isa = PBXBuildFile; fileRef = 02487B14298BEC6600A735FC /* BaseView.swift */; };
		02487B17298BECBF00A735FC /* QuizzlerView.swift in Sources */ = {isa = PBXBuildFile; fileRef = 02487B16298BECBF00A735FC /* QuizzlerView.swift */; };
		02487B19298BED0300A735FC /* QuizzlerViewRepresentable.swift in Sources */ = {isa = PBXBuildFile; fileRef = 02487B18298BED0300A735FC /* QuizzlerViewRepresentable.swift */; };
		02487B1B298BED8F00A735FC /* ViewControllerRepresentable.swift in Sources */ = {isa = PBXBuildFile; fileRef = 02487B1A298BED8F00A735FC /* ViewControllerRepresentable.swift */; };
		02487B1F298C620700A735FC /* 1.jpg in Resources */ = {isa = PBXBuildFile; fileRef = 02487B1E298C620700A735FC /* 1.jpg */; };
		02487B21298C6DDF00A735FC /* Quizzler.swift in Sources */ = {isa = PBXBuildFile; fileRef = 02487B20298C6DDF00A735FC /* Quizzler.swift */; };
		02487B23298C767400A735FC /* Question.swift in Sources */ = {isa = PBXBuildFile; fileRef = 02487B22298C767400A735FC /* Question.swift */; };
		02487B25298C814000A735FC /* Questions.json in Resources */ = {isa = PBXBuildFile; fileRef = 02487B24298C814000A735FC /* Questions.json */; };
/* End PBXBuildFile section */

/* Begin PBXFileReference section */
		02487AEF298BE9D100A735FC /* Quizzler.app */ = {isa = PBXFileReference; explicitFileType = wrapper.application; includeInIndex = 0; path = Quizzler.app; sourceTree = BUILT_PRODUCTS_DIR; };
		02487AF2298BE9D100A735FC /* AppDelegate.swift */ = {isa = PBXFileReference; lastKnownFileType = sourcecode.swift; path = AppDelegate.swift; sourceTree = "<group>"; };
		02487AF4298BE9D100A735FC /* SceneDelegate.swift */ = {isa = PBXFileReference; lastKnownFileType = sourcecode.swift; path = SceneDelegate.swift; sourceTree = "<group>"; };
		02487AF6298BE9D100A735FC /* ViewController.swift */ = {isa = PBXFileReference; lastKnownFileType = sourcecode.swift; path = ViewController.swift; sourceTree = "<group>"; };
		02487AF9298BE9D100A735FC /* Base */ = {isa = PBXFileReference; lastKnownFileType = file.storyboard; name = Base; path = Base.lproj/Main.storyboard; sourceTree = "<group>"; };
		02487AFB298BE9D100A735FC /* Assets.xcassets */ = {isa = PBXFileReference; lastKnownFileType = folder.assetcatalog; path = Assets.xcassets; sourceTree = "<group>"; };
		02487AFE298BE9D100A735FC /* Base */ = {isa = PBXFileReference; lastKnownFileType = file.storyboard; name = Base; path = Base.lproj/LaunchScreen.storyboard; sourceTree = "<group>"; };
		02487B00298BE9D100A735FC /* Info.plist */ = {isa = PBXFileReference; lastKnownFileType = text.plist.xml; path = Info.plist; sourceTree = "<group>"; };
		02487B0C298BEB0700A735FC /* Then.swift */ = {isa = PBXFileReference; fileEncoding = 4; lastKnownFileType = sourcecode.swift; path = Then.swift; sourceTree = "<group>"; };
		02487B0D298BEB0700A735FC /* UIView+Extension.swift */ = {isa = PBXFileReference; fileEncoding = 4; lastKnownFileType = sourcecode.swift; path = "UIView+Extension.swift"; sourceTree = "<group>"; };
		02487B0E298BEB0700A735FC /* BaseController.swift */ = {isa = PBXFileReference; fileEncoding = 4; lastKnownFileType = sourcecode.swift; path = BaseController.swift; sourceTree = "<group>"; };
		02487B0F298BEB0700A735FC /* Resources.swift */ = {isa = PBXFileReference; fileEncoding = 4; lastKnownFileType = sourcecode.swift; path = Resources.swift; sourceTree = "<group>"; };
		02487B14298BEC6600A735FC /* BaseView.swift */ = {isa = PBXFileReference; lastKnownFileType = sourcecode.swift; path = BaseView.swift; sourceTree = "<group>"; };
		02487B16298BECBF00A735FC /* QuizzlerView.swift */ = {isa = PBXFileReference; lastKnownFileType = sourcecode.swift; path = QuizzlerView.swift; sourceTree = "<group>"; };
		02487B18298BED0300A735FC /* QuizzlerViewRepresentable.swift */ = {isa = PBXFileReference; lastKnownFileType = sourcecode.swift; path = QuizzlerViewRepresentable.swift; sourceTree = "<group>"; };
		02487B1A298BED8F00A735FC /* ViewControllerRepresentable.swift */ = {isa = PBXFileReference; lastKnownFileType = sourcecode.swift; path = ViewControllerRepresentable.swift; sourceTree = "<group>"; };
		02487B1C298C61D400A735FC /* README.md */ = {isa = PBXFileReference; lastKnownFileType = net.daringfireball.markdown; path = README.md; sourceTree = "<group>"; };
		02487B1E298C620700A735FC /* 1.jpg */ = {isa = PBXFileReference; lastKnownFileType = image.jpeg; path = 1.jpg; sourceTree = "<group>"; };
		02487B20298C6DDF00A735FC /* Quizzler.swift */ = {isa = PBXFileReference; lastKnownFileType = sourcecode.swift; path = Quizzler.swift; sourceTree = "<group>"; };
		02487B22298C767400A735FC /* Question.swift */ = {isa = PBXFileReference; lastKnownFileType = sourcecode.swift; path = Question.swift; sourceTree = "<group>"; };
		02487B24298C814000A735FC /* Questions.json */ = {isa = PBXFileReference; lastKnownFileType = text.json; path = Questions.json; sourceTree = "<group>"; };
/* End PBXFileReference section */

/* Begin PBXFrameworksBuildPhase section */
		02487AEC298BE9D100A735FC /* Frameworks */ = {
			isa = PBXFrameworksBuildPhase;
			buildActionMask = 2147483647;
			files = (
			);
			runOnlyForDeploymentPostprocessing = 0;
		};
/* End PBXFrameworksBuildPhase section */

/* Begin PBXGroup section */
		02487AE6298BE9D100A735FC = {
			isa = PBXGroup;
			children = (
				02487B1C298C61D400A735FC /* README.md */,
				02487B1D298C61E400A735FC /* img */,
				02487AF1298BE9D100A735FC /* Quizzler */,
				02487AF0298BE9D100A735FC /* Products */,
			);
			sourceTree = "<group>";
		};
		02487AF0298BE9D100A735FC /* Products */ = {
			isa = PBXGroup;
			children = (
				02487AEF298BE9D100A735FC /* Quizzler.app */,
			);
			name = Products;
			sourceTree = "<group>";
		};
		02487AF1298BE9D100A735FC /* Quizzler */ = {
			isa = PBXGroup;
			children = (
				02487B0B298BEA8F00A735FC /* App */,
				02487B0A298BEA7300A735FC /* Controllers */,
				02487B09298BEA6C00A735FC /* Models */,
				02487B08298BEA6400A735FC /* Views */,
				02487B07298BEA5B00A735FC /* Core */,
				02487B06298BE9DB00A735FC /* Supporting Files */,
			);
			path = Quizzler;
			sourceTree = "<group>";
		};
		02487B06298BE9DB00A735FC /* Supporting Files */ = {
			isa = PBXGroup;
			children = (
				02487AFB298BE9D100A735FC /* Assets.xcassets */,
				02487B0F298BEB0700A735FC /* Resources.swift */,
				02487AFD298BE9D100A735FC /* LaunchScreen.storyboard */,
				02487B00298BE9D100A735FC /* Info.plist */,
			);
			name = "Supporting Files";
			sourceTree = "<group>";
		};
		02487B07298BEA5B00A735FC /* Core */ = {
			isa = PBXGroup;
			children = (
				02487B0E298BEB0700A735FC /* BaseController.swift */,
				02487B14298BEC6600A735FC /* BaseView.swift */,
				02487B0C298BEB0700A735FC /* Then.swift */,
				02487B0D298BEB0700A735FC /* UIView+Extension.swift */,
			);
			name = Core;
			sourceTree = "<group>";
		};
		02487B08298BEA6400A735FC /* Views */ = {
			isa = PBXGroup;
			children = (
				02487AF8298BE9D100A735FC /* Main.storyboard */,
				02487B16298BECBF00A735FC /* QuizzlerView.swift */,
				02487B18298BED0300A735FC /* QuizzlerViewRepresentable.swift */,
			);
			name = Views;
			sourceTree = "<group>";
		};
		02487B09298BEA6C00A735FC /* Models */ = {
			isa = PBXGroup;
			children = (
				02487B20298C6DDF00A735FC /* Quizzler.swift */,
				02487B22298C767400A735FC /* Question.swift */,
				02487B24298C814000A735FC /* Questions.json */,
			);
			name = Models;
			sourceTree = "<group>";
		};
		02487B0A298BEA7300A735FC /* Controllers */ = {
			isa = PBXGroup;
			children = (
				02487AF6298BE9D100A735FC /* ViewController.swift */,
				02487B1A298BED8F00A735FC /* ViewControllerRepresentable.swift */,
			);
			name = Controllers;
			sourceTree = "<group>";
		};
		02487B0B298BEA8F00A735FC /* App */ = {
			isa = PBXGroup;
			children = (
				02487AF4298BE9D100A735FC /* SceneDelegate.swift */,
				02487AF2298BE9D100A735FC /* AppDelegate.swift */,
			);
			name = App;
			sourceTree = "<group>";
		};
		02487B1D298C61E400A735FC /* img */ = {
			isa = PBXGroup;
			children = (
				02487B1E298C620700A735FC /* 1.jpg */,
			);
			path = img;
			sourceTree = "<group>";
		};
/* End PBXGroup section */

/* Begin PBXNativeTarget section */
		02487AEE298BE9D100A735FC /* Quizzler */ = {
			isa = PBXNativeTarget;
			buildConfigurationList = 02487B03298BE9D100A735FC /* Build configuration list for PBXNativeTarget "Quizzler" */;
			buildPhases = (
				02487AEB298BE9D100A735FC /* Sources */,
				02487AEC298BE9D100A735FC /* Frameworks */,
				02487AED298BE9D100A735FC /* Resources */,
			);
			buildRules = (
			);
			dependencies = (
			);
			name = Quizzler;
			productName = Quizzler;
			productReference = 02487AEF298BE9D100A735FC /* Quizzler.app */;
			productType = "com.apple.product-type.application";
		};
/* End PBXNativeTarget section */

/* Begin PBXProject section */
		02487AE7298BE9D100A735FC /* Project object */ = {
			isa = PBXProject;
			attributes = {
				BuildIndependentTargetsInParallel = 1;
				LastSwiftUpdateCheck = 1420;
				LastUpgradeCheck = 1420;
				TargetAttributes = {
					02487AEE298BE9D100A735FC = {
						CreatedOnToolsVersion = 14.2;
					};
				};
			};
			buildConfigurationList = 02487AEA298BE9D100A735FC /* Build configuration list for PBXProject "Quizzler" */;
			compatibilityVersion = "Xcode 13.0";
			developmentRegion = en;
			hasScannedForEncodings = 0;
			knownRegions = (
				en,
				Base,
			);
			mainGroup = 02487AE6298BE9D100A735FC;
			productRefGroup = 02487AF0298BE9D100A735FC /* Products */;
			projectDirPath = "";
			projectRoot = "";
			targets = (
				02487AEE298BE9D100A735FC /* Quizzler */,
			);
		};
/* End PBXProject section */

/* Begin PBXResourcesBuildPhase section */
		02487AED298BE9D100A735FC /* Resources */ = {
			isa = PBXResourcesBuildPhase;
			buildActionMask = 2147483647;
			files = (
				02487B25298C814000A735FC /* Questions.json in Resources */,
				02487AFF298BE9D100A735FC /* LaunchScreen.storyboard in Resources */,
				02487B1F298C620700A735FC /* 1.jpg in Resources */,
				02487AFC298BE9D100A735FC /* Assets.xcassets in Resources */,
				02487AFA298BE9D100A735FC /* Main.storyboard in Resources */,
			);
			runOnlyForDeploymentPostprocessing = 0;
		};
/* End PBXResourcesBuildPhase section */

/* Begin PBXSourcesBuildPhase section */
		02487AEB298BE9D100A735FC /* Sources */ = {
			isa = PBXSourcesBuildPhase;
			buildActionMask = 2147483647;
			files = (
				02487B10298BEB0700A735FC /* Then.swift in Sources */,
				02487B19298BED0300A735FC /* QuizzlerViewRepresentable.swift in Sources */,
				02487AF7298BE9D100A735FC /* ViewController.swift in Sources */,
				02487B13298BEB0700A735FC /* Resources.swift in Sources */,
				02487AF3298BE9D100A735FC /* AppDelegate.swift in Sources */,
				02487B17298BECBF00A735FC /* QuizzlerView.swift in Sources */,
				02487B11298BEB0700A735FC /* UIView+Extension.swift in Sources */,
				02487B21298C6DDF00A735FC /* Quizzler.swift in Sources */,
				02487B23298C767400A735FC /* Question.swift in Sources */,
				02487B12298BEB0700A735FC /* BaseController.swift in Sources */,
				02487B1B298BED8F00A735FC /* ViewControllerRepresentable.swift in Sources */,
				02487AF5298BE9D100A735FC /* SceneDelegate.swift in Sources */,
				02487B15298BEC6600A735FC /* BaseView.swift in Sources */,
			);
			runOnlyForDeploymentPostprocessing = 0;
		};
/* End PBXSourcesBuildPhase section */

/* Begin PBXVariantGroup section */
		02487AF8298BE9D100A735FC /* Main.storyboard */ = {
			isa = PBXVariantGroup;
			children = (
				02487AF9298BE9D100A735FC /* Base */,
			);
			name = Main.storyboard;
			sourceTree = "<group>";
		};
		02487AFD298BE9D100A735FC /* LaunchScreen.storyboard */ = {
			isa = PBXVariantGroup;
			children = (
				02487AFE298BE9D100A735FC /* Base */,
			);
			name = LaunchScreen.storyboard;
			sourceTree = "<group>";
		};
/* End PBXVariantGroup section */

/* Begin XCBuildConfiguration section */
		02487B01298BE9D100A735FC /* Debug */ = {
			isa = XCBuildConfiguration;
			buildSettings = {
				ALWAYS_SEARCH_USER_PATHS = NO;
				CLANG_ANALYZER_NONNULL = YES;
				CLANG_ANALYZER_NUMBER_OBJECT_CONVERSION = YES_AGGRESSIVE;
				CLANG_CXX_LANGUAGE_STANDARD = "gnu++20";
				CLANG_ENABLE_MODULES = YES;
				CLANG_ENABLE_OBJC_ARC = YES;
				CLANG_ENABLE_OBJC_WEAK = YES;
				CLANG_WARN_BLOCK_CAPTURE_AUTORELEASING = YES;
				CLANG_WARN_BOOL_CONVERSION = YES;
				CLANG_WARN_COMMA = YES;
				CLANG_WARN_CONSTANT_CONVERSION = YES;
				CLANG_WARN_DEPRECATED_OBJC_IMPLEMENTATIONS = YES;
				CLANG_WARN_DIRECT_OBJC_ISA_USAGE = YES_ERROR;
				CLANG_WARN_DOCUMENTATION_COMMENTS = YES;
				CLANG_WARN_EMPTY_BODY = YES;
				CLANG_WARN_ENUM_CONVERSION = YES;
				CLANG_WARN_INFINITE_RECURSION = YES;
				CLANG_WARN_INT_CONVERSION = YES;
				CLANG_WARN_NON_LITERAL_NULL_CONVERSION = YES;
				CLANG_WARN_OBJC_IMPLICIT_RETAIN_SELF = YES;
				CLANG_WARN_OBJC_LITERAL_CONVERSION = YES;
				CLANG_WARN_OBJC_ROOT_CLASS = YES_ERROR;
				CLANG_WARN_QUOTED_INCLUDE_IN_FRAMEWORK_HEADER = YES;
				CLANG_WARN_RANGE_LOOP_ANALYSIS = YES;
				CLANG_WARN_STRICT_PROTOTYPES = YES;
				CLANG_WARN_SUSPICIOUS_MOVE = YES;
				CLANG_WARN_UNGUARDED_AVAILABILITY = YES_AGGRESSIVE;
				CLANG_WARN_UNREACHABLE_CODE = YES;
				CLANG_WARN__DUPLICATE_METHOD_MATCH = YES;
				COPY_PHASE_STRIP = NO;
				DEBUG_INFORMATION_FORMAT = dwarf;
				ENABLE_STRICT_OBJC_MSGSEND = YES;
				ENABLE_TESTABILITY = YES;
				GCC_C_LANGUAGE_STANDARD = gnu11;
				GCC_DYNAMIC_NO_PIC = NO;
				GCC_NO_COMMON_BLOCKS = YES;
				GCC_OPTIMIZATION_LEVEL = 0;
				GCC_PREPROCESSOR_DEFINITIONS = (
					"DEBUG=1",
					"$(inherited)",
				);
				GCC_WARN_64_TO_32_BIT_CONVERSION = YES;
				GCC_WARN_ABOUT_RETURN_TYPE = YES_ERROR;
				GCC_WARN_UNDECLARED_SELECTOR = YES;
				GCC_WARN_UNINITIALIZED_AUTOS = YES_AGGRESSIVE;
				GCC_WARN_UNUSED_FUNCTION = YES;
				GCC_WARN_UNUSED_VARIABLE = YES;
				IPHONEOS_DEPLOYMENT_TARGET = 16.2;
				MTL_ENABLE_DEBUG_INFO = INCLUDE_SOURCE;
				MTL_FAST_MATH = YES;
				ONLY_ACTIVE_ARCH = YES;
				SDKROOT = iphoneos;
				SWIFT_ACTIVE_COMPILATION_CONDITIONS = DEBUG;
				SWIFT_OPTIMIZATION_LEVEL = "-Onone";
			};
			name = Debug;
		};
		02487B02298BE9D100A735FC /* Release */ = {
			isa = XCBuildConfiguration;
			buildSettings = {
				ALWAYS_SEARCH_USER_PATHS = NO;
				CLANG_ANALYZER_NONNULL = YES;
				CLANG_ANALYZER_NUMBER_OBJECT_CONVERSION = YES_AGGRESSIVE;
				CLANG_CXX_LANGUAGE_STANDARD = "gnu++20";
				CLANG_ENABLE_MODULES = YES;
				CLANG_ENABLE_OBJC_ARC = YES;
				CLANG_ENABLE_OBJC_WEAK = YES;
				CLANG_WARN_BLOCK_CAPTURE_AUTORELEASING = YES;
				CLANG_WARN_BOOL_CONVERSION = YES;
				CLANG_WARN_COMMA = YES;
				CLANG_WARN_CONSTANT_CONVERSION = YES;
				CLANG_WARN_DEPRECATED_OBJC_IMPLEMENTATIONS = YES;
				CLANG_WARN_DIRECT_OBJC_ISA_USAGE = YES_ERROR;
				CLANG_WARN_DOCUMENTATION_COMMENTS = YES;
				CLANG_WARN_EMPTY_BODY = YES;
				CLANG_WARN_ENUM_CONVERSION = YES;
				CLANG_WARN_INFINITE_RECURSION = YES;
				CLANG_WARN_INT_CONVERSION = YES;
				CLANG_WARN_NON_LITERAL_NULL_CONVERSION = YES;
				CLANG_WARN_OBJC_IMPLICIT_RETAIN_SELF = YES;
				CLANG_WARN_OBJC_LITERAL_CONVERSION = YES;
				CLANG_WARN_OBJC_ROOT_CLASS = YES_ERROR;
				CLANG_WARN_QUOTED_INCLUDE_IN_FRAMEWORK_HEADER = YES;
				CLANG_WARN_RANGE_LOOP_ANALYSIS = YES;
				CLANG_WARN_STRICT_PROTOTYPES = YES;
				CLANG_WARN_SUSPICIOUS_MOVE = YES;
				CLANG_WARN_UNGUARDED_AVAILABILITY = YES_AGGRESSIVE;
				CLANG_WARN_UNREACHABLE_CODE = YES;
				CLANG_WARN__DUPLICATE_METHOD_MATCH = YES;
				COPY_PHASE_STRIP = NO;
				DEBUG_INFORMATION_FORMAT = "dwarf-with-dsym";
				ENABLE_NS_ASSERTIONS = NO;
				ENABLE_STRICT_OBJC_MSGSEND = YES;
				GCC_C_LANGUAGE_STANDARD = gnu11;
				GCC_NO_COMMON_BLOCKS = YES;
				GCC_WARN_64_TO_32_BIT_CONVERSION = YES;
				GCC_WARN_ABOUT_RETURN_TYPE = YES_ERROR;
				GCC_WARN_UNDECLARED_SELECTOR = YES;
				GCC_WARN_UNINITIALIZED_AUTOS = YES_AGGRESSIVE;
				GCC_WARN_UNUSED_FUNCTION = YES;
				GCC_WARN_UNUSED_VARIABLE = YES;
				IPHONEOS_DEPLOYMENT_TARGET = 16.2;
				MTL_ENABLE_DEBUG_INFO = NO;
				MTL_FAST_MATH = YES;
				SDKROOT = iphoneos;
				SWIFT_COMPILATION_MODE = wholemodule;
				SWIFT_OPTIMIZATION_LEVEL = "-O";
				VALIDATE_PRODUCT = YES;
			};
			name = Release;
		};
		02487B04298BE9D100A735FC /* Debug */ = {
			isa = XCBuildConfiguration;
			buildSettings = {
				ASSETCATALOG_COMPILER_APPICON_NAME = AppIcon;
				ASSETCATALOG_COMPILER_GLOBAL_ACCENT_COLOR_NAME = AccentColor;
				CODE_SIGN_STYLE = Automatic;
				CURRENT_PROJECT_VERSION = 1;
				DEVELOPMENT_TEAM = 723HTEFHBA;
				GENERATE_INFOPLIST_FILE = YES;
				INFOPLIST_FILE = Quizzler/Info.plist;
				INFOPLIST_KEY_LSApplicationCategoryType = "public.app-category.social-networking";
				INFOPLIST_KEY_UIApplicationSupportsIndirectInputEvents = YES;
				INFOPLIST_KEY_UILaunchStoryboardName = LaunchScreen;
				INFOPLIST_KEY_UIMainStoryboardFile = Main;
				INFOPLIST_KEY_UISupportedInterfaceOrientations_iPad = "UIInterfaceOrientationPortrait UIInterfaceOrientationPortraitUpsideDown UIInterfaceOrientationLandscapeLeft UIInterfaceOrientationLandscapeRight";
				INFOPLIST_KEY_UISupportedInterfaceOrientations_iPhone = "UIInterfaceOrientationPortrait UIInterfaceOrientationLandscapeLeft UIInterfaceOrientationLandscapeRight";
				IPHONEOS_DEPLOYMENT_TARGET = 15.0;
				LD_RUNPATH_SEARCH_PATHS = (
					"$(inherited)",
					"@executable_path/Frameworks",
				);
				MARKETING_VERSION = 0.1.1;
				PRODUCT_BUNDLE_IDENTIFIER = ru.fibeApp.Quizzler;
				PRODUCT_NAME = "$(TARGET_NAME)";
				SWIFT_EMIT_LOC_STRINGS = YES;
				SWIFT_VERSION = 5.0;
				TARGETED_DEVICE_FAMILY = "1,2";
			};
			name = Debug;
		};
		02487B05298BE9D100A735FC /* Release */ = {
			isa = XCBuildConfiguration;
			buildSettings = {
				ASSETCATALOG_COMPILER_APPICON_NAME = AppIcon;
				ASSETCATALOG_COMPILER_GLOBAL_ACCENT_COLOR_NAME = AccentColor;
				CODE_SIGN_STYLE = Automatic;
				CURRENT_PROJECT_VERSION = 1;
				DEVELOPMENT_TEAM = 723HTEFHBA;
				GENERATE_INFOPLIST_FILE = YES;
				INFOPLIST_FILE = Quizzler/Info.plist;
				INFOPLIST_KEY_LSApplicationCategoryType = "public.app-category.social-networking";
				INFOPLIST_KEY_UIApplicationSupportsIndirectInputEvents = YES;
				INFOPLIST_KEY_UILaunchStoryboardName = LaunchScreen;
				INFOPLIST_KEY_UIMainStoryboardFile = Main;
				INFOPLIST_KEY_UISupportedInterfaceOrientations_iPad = "UIInterfaceOrientationPortrait UIInterfaceOrientationPortraitUpsideDown UIInterfaceOrientationLandscapeLeft UIInterfaceOrientationLandscapeRight";
				INFOPLIST_KEY_UISupportedInterfaceOrientations_iPhone = "UIInterfaceOrientationPortrait UIInterfaceOrientationLandscapeLeft UIInterfaceOrientationLandscapeRight";
				IPHONEOS_DEPLOYMENT_TARGET = 15.0;
				LD_RUNPATH_SEARCH_PATHS = (
					"$(inherited)",
					"@executable_path/Frameworks",
				);
				MARKETING_VERSION = 0.1.1;
				PRODUCT_BUNDLE_IDENTIFIER = ru.fibeApp.Quizzler;
				PRODUCT_NAME = "$(TARGET_NAME)";
				SWIFT_EMIT_LOC_STRINGS = YES;
				SWIFT_VERSION = 5.0;
				TARGETED_DEVICE_FAMILY = "1,2";
			};
			name = Release;
		};
/* End XCBuildConfiguration section */

/* Begin XCConfigurationList section */
		02487AEA298BE9D100A735FC /* Build configuration list for PBXProject "Quizzler" */ = {
			isa = XCConfigurationList;
			buildConfigurations = (
				02487B01298BE9D100A735FC /* Debug */,
				02487B02298BE9D100A735FC /* Release */,
			);
			defaultConfigurationIsVisible = 0;
			defaultConfigurationName = Release;
		};
		02487B03298BE9D100A735FC /* Build configuration list for PBXNativeTarget "Quizzler" */ = {
			isa = XCConfigurationList;
			buildConfigurations = (
				02487B04298BE9D100A735FC /* Debug */,
				02487B05298BE9D100A735FC /* Release */,
			);
			defaultConfigurationIsVisible = 0;
			defaultConfigurationName = Release;
		};
/* End XCConfigurationList section */
	};
	rootObject = 02487AE7298BE9D100A735FC /* Project object */;
}
