// !$*UTF8*$!
{
	archiveVersion = 1;
	classes = {
	};
	objectVersion = 56;
	objects = {

/* Begin PBXBuildFile section */
		028CAD0D2970F64A002339FF /* Double.swift in Sources */ = {isa = PBXBuildFile; fileRef = 028CAD0C2970F64A002339FF /* Double.swift */; };
		028CAD112970F66D002339FF /* CoinError.swift in Sources */ = {isa = PBXBuildFile; fileRef = 028CAD0F2970F66D002339FF /* CoinError.swift */; };
		028CAD122970F66D002339FF /* Coin.swift in Sources */ = {isa = PBXBuildFile; fileRef = 028CAD102970F66D002339FF /* Coin.swift */; };
		028CAD142970F68D002339FF /* CoinRowView.swift in Sources */ = {isa = PBXBuildFile; fileRef = 028CAD132970F68D002339FF /* CoinRowView.swift */; };
		028CAD172970F69C002339FF /* ContentViewModel.swift in Sources */ = {isa = PBXBuildFile; fileRef = 028CAD162970F69C002339FF /* ContentViewModel.swift */; };
		02DE95572970F54D00FC8216 /* CryptoAsyncAwaitApp.swift in Sources */ = {isa = PBXBuildFile; fileRef = 02DE95562970F54D00FC8216 /* CryptoAsyncAwaitApp.swift */; };
		02DE95592970F54D00FC8216 /* ContentView.swift in Sources */ = {isa = PBXBuildFile; fileRef = 02DE95582970F54D00FC8216 /* ContentView.swift */; };
		02DE955B2970F54E00FC8216 /* Assets.xcassets in Resources */ = {isa = PBXBuildFile; fileRef = 02DE955A2970F54E00FC8216 /* Assets.xcassets */; };
		02DE955E2970F54E00FC8216 /* Preview Assets.xcassets in Resources */ = {isa = PBXBuildFile; fileRef = 02DE955D2970F54E00FC8216 /* Preview Assets.xcassets */; };
/* End PBXBuildFile section */

/* Begin PBXFileReference section */
		028CAD0C2970F64A002339FF /* Double.swift */ = {isa = PBXFileReference; fileEncoding = 4; lastKnownFileType = sourcecode.swift; path = Double.swift; sourceTree = "<group>"; };
		028CAD0F2970F66D002339FF /* CoinError.swift */ = {isa = PBXFileReference; fileEncoding = 4; lastKnownFileType = sourcecode.swift; path = CoinError.swift; sourceTree = "<group>"; };
		028CAD102970F66D002339FF /* Coin.swift */ = {isa = PBXFileReference; fileEncoding = 4; lastKnownFileType = sourcecode.swift; path = Coin.swift; sourceTree = "<group>"; };
		028CAD132970F68D002339FF /* CoinRowView.swift */ = {isa = PBXFileReference; fileEncoding = 4; lastKnownFileType = sourcecode.swift; path = CoinRowView.swift; sourceTree = "<group>"; };
		028CAD162970F69C002339FF /* ContentViewModel.swift */ = {isa = PBXFileReference; fileEncoding = 4; lastKnownFileType = sourcecode.swift; path = ContentViewModel.swift; sourceTree = "<group>"; };
		02DE95532970F54D00FC8216 /* CryptoAsyncAwait.app */ = {isa = PBXFileReference; explicitFileType = wrapper.application; includeInIndex = 0; path = CryptoAsyncAwait.app; sourceTree = BUILT_PRODUCTS_DIR; };
		02DE95562970F54D00FC8216 /* CryptoAsyncAwaitApp.swift */ = {isa = PBXFileReference; lastKnownFileType = sourcecode.swift; path = CryptoAsyncAwaitApp.swift; sourceTree = "<group>"; };
		02DE95582970F54D00FC8216 /* ContentView.swift */ = {isa = PBXFileReference; lastKnownFileType = sourcecode.swift; path = ContentView.swift; sourceTree = "<group>"; };
		02DE955A2970F54E00FC8216 /* Assets.xcassets */ = {isa = PBXFileReference; lastKnownFileType = folder.assetcatalog; path = Assets.xcassets; sourceTree = "<group>"; };
		02DE955D2970F54E00FC8216 /* Preview Assets.xcassets */ = {isa = PBXFileReference; lastKnownFileType = folder.assetcatalog; path = "Preview Assets.xcassets"; sourceTree = "<group>"; };
		02F1EBB4297123FE0017C811 /* README.md */ = {isa = PBXFileReference; lastKnownFileType = net.daringfireball.markdown; path = README.md; sourceTree = "<group>"; };
/* End PBXFileReference section */

/* Begin PBXFrameworksBuildPhase section */
		02DE95502970F54D00FC8216 /* Frameworks */ = {
			isa = PBXFrameworksBuildPhase;
			buildActionMask = 2147483647;
			files = (
			);
			runOnlyForDeploymentPostprocessing = 0;
		};
/* End PBXFrameworksBuildPhase section */

/* Begin PBXGroup section */
		028CAD0B2970F64A002339FF /* Extensions */ = {
			isa = PBXGroup;
			children = (
				028CAD0C2970F64A002339FF /* Double.swift */,
			);
			path = Extensions;
			sourceTree = "<group>";
		};
		028CAD0E2970F66D002339FF /* Model */ = {
			isa = PBXGroup;
			children = (
				028CAD0F2970F66D002339FF /* CoinError.swift */,
				028CAD102970F66D002339FF /* Coin.swift */,
			);
			path = Model;
			sourceTree = "<group>";
		};
		028CAD152970F69C002339FF /* ViewModel */ = {
			isa = PBXGroup;
			children = (
				028CAD162970F69C002339FF /* ContentViewModel.swift */,
			);
			path = ViewModel;
			sourceTree = "<group>";
		};
		02DE954A2970F54D00FC8216 = {
			isa = PBXGroup;
			children = (
				02F1EBB4297123FE0017C811 /* README.md */,
				02DE95552970F54D00FC8216 /* CryptoAsyncAwait */,
				02DE95542970F54D00FC8216 /* Products */,
			);
			sourceTree = "<group>";
		};
		02DE95542970F54D00FC8216 /* Products */ = {
			isa = PBXGroup;
			children = (
				02DE95532970F54D00FC8216 /* CryptoAsyncAwait.app */,
			);
			name = Products;
			sourceTree = "<group>";
		};
		02DE95552970F54D00FC8216 /* CryptoAsyncAwait */ = {
			isa = PBXGroup;
			children = (
				02DE95562970F54D00FC8216 /* CryptoAsyncAwaitApp.swift */,
				02DE95582970F54D00FC8216 /* ContentView.swift */,
				028CAD132970F68D002339FF /* CoinRowView.swift */,
				028CAD152970F69C002339FF /* ViewModel */,
				028CAD0E2970F66D002339FF /* Model */,
				028CAD0B2970F64A002339FF /* Extensions */,
				02DE955A2970F54E00FC8216 /* Assets.xcassets */,
				02DE955C2970F54E00FC8216 /* Preview Content */,
			);
			path = CryptoAsyncAwait;
			sourceTree = "<group>";
		};
		02DE955C2970F54E00FC8216 /* Preview Content */ = {
			isa = PBXGroup;
			children = (
				02DE955D2970F54E00FC8216 /* Preview Assets.xcassets */,
			);
			path = "Preview Content";
			sourceTree = "<group>";
		};
/* End PBXGroup section */

/* Begin PBXNativeTarget section */
		02DE95522970F54D00FC8216 /* CryptoAsyncAwait */ = {
			isa = PBXNativeTarget;
			buildConfigurationList = 02DE95612970F54E00FC8216 /* Build configuration list for PBXNativeTarget "CryptoAsyncAwait" */;
			buildPhases = (
				02DE954F2970F54D00FC8216 /* Sources */,
				02DE95502970F54D00FC8216 /* Frameworks */,
				02DE95512970F54D00FC8216 /* Resources */,
			);
			buildRules = (
			);
			dependencies = (
			);
			name = CryptoAsyncAwait;
			productName = CryptoAsyncAwait;
			productReference = 02DE95532970F54D00FC8216 /* CryptoAsyncAwait.app */;
			productType = "com.apple.product-type.application";
		};
/* End PBXNativeTarget section */

/* Begin PBXProject section */
		02DE954B2970F54D00FC8216 /* Project object */ = {
			isa = PBXProject;
			attributes = {
				BuildIndependentTargetsInParallel = 1;
				LastSwiftUpdateCheck = 1420;
				LastUpgradeCheck = 1420;
				TargetAttributes = {
					02DE95522970F54D00FC8216 = {
						CreatedOnToolsVersion = 14.2;
					};
				};
			};
			buildConfigurationList = 02DE954E2970F54D00FC8216 /* Build configuration list for PBXProject "CryptoAsyncAwait" */;
			compatibilityVersion = "Xcode 14.0";
			developmentRegion = en;
			hasScannedForEncodings = 0;
			knownRegions = (
				en,
				Base,
			);
			mainGroup = 02DE954A2970F54D00FC8216;
			productRefGroup = 02DE95542970F54D00FC8216 /* Products */;
			projectDirPath = "";
			projectRoot = "";
			targets = (
				02DE95522970F54D00FC8216 /* CryptoAsyncAwait */,
			);
		};
/* End PBXProject section */

/* Begin PBXResourcesBuildPhase section */
		02DE95512970F54D00FC8216 /* Resources */ = {
			isa = PBXResourcesBuildPhase;
			buildActionMask = 2147483647;
			files = (
				02DE955E2970F54E00FC8216 /* Preview Assets.xcassets in Resources */,
				02DE955B2970F54E00FC8216 /* Assets.xcassets in Resources */,
			);
			runOnlyForDeploymentPostprocessing = 0;
		};
/* End PBXResourcesBuildPhase section */

/* Begin PBXSourcesBuildPhase section */
		02DE954F2970F54D00FC8216 /* Sources */ = {
			isa = PBXSourcesBuildPhase;
			buildActionMask = 2147483647;
			files = (
				028CAD142970F68D002339FF /* CoinRowView.swift in Sources */,
				02DE95592970F54D00FC8216 /* ContentView.swift in Sources */,
				028CAD112970F66D002339FF /* CoinError.swift in Sources */,
				028CAD172970F69C002339FF /* ContentViewModel.swift in Sources */,
				028CAD0D2970F64A002339FF /* Double.swift in Sources */,
				028CAD122970F66D002339FF /* Coin.swift in Sources */,
				02DE95572970F54D00FC8216 /* CryptoAsyncAwaitApp.swift in Sources */,
			);
			runOnlyForDeploymentPostprocessing = 0;
		};
/* End PBXSourcesBuildPhase section */

/* Begin XCBuildConfiguration section */
		02DE955F2970F54E00FC8216 /* Debug */ = {
			isa = XCBuildConfiguration;
			buildSettings = {
				ALWAYS_SEARCH_USER_PATHS = NO;
				CLANG_ANALYZER_NONNULL = YES;
				CLANG_ANALYZER_NUMBER_OBJECT_CONVERSION = YES_AGGRESSIVE;
				CLANG_CXX_LANGUAGE_STANDARD = "gnu++20";
				CLANG_ENABLE_MODULES = YES;
				CLANG_ENABLE_OBJC_ARC = YES;
				CLANG_ENABLE_OBJC_WEAK = YES;
				CLANG_WARN_BLOCK_CAPTURE_AUTORELEASING = YES;
				CLANG_WARN_BOOL_CONVERSION = YES;
				CLANG_WARN_COMMA = YES;
				CLANG_WARN_CONSTANT_CONVERSION = YES;
				CLANG_WARN_DEPRECATED_OBJC_IMPLEMENTATIONS = YES;
				CLANG_WARN_DIRECT_OBJC_ISA_USAGE = YES_ERROR;
				CLANG_WARN_DOCUMENTATION_COMMENTS = YES;
				CLANG_WARN_EMPTY_BODY = YES;
				CLANG_WARN_ENUM_CONVERSION = YES;
				CLANG_WARN_INFINITE_RECURSION = YES;
				CLANG_WARN_INT_CONVERSION = YES;
				CLANG_WARN_NON_LITERAL_NULL_CONVERSION = YES;
				CLANG_WARN_OBJC_IMPLICIT_RETAIN_SELF = YES;
				CLANG_WARN_OBJC_LITERAL_CONVERSION = YES;
				CLANG_WARN_OBJC_ROOT_CLASS = YES_ERROR;
				CLANG_WARN_QUOTED_INCLUDE_IN_FRAMEWORK_HEADER = YES;
				CLANG_WARN_RANGE_LOOP_ANALYSIS = YES;
				CLANG_WARN_STRICT_PROTOTYPES = YES;
				CLANG_WARN_SUSPICIOUS_MOVE = YES;
				CLANG_WARN_UNGUARDED_AVAILABILITY = YES_AGGRESSIVE;
				CLANG_WARN_UNREACHABLE_CODE = YES;
				CLANG_WARN__DUPLICATE_METHOD_MATCH = YES;
				COPY_PHASE_STRIP = NO;
				DEBUG_INFORMATION_FORMAT = dwarf;
				ENABLE_STRICT_OBJC_MSGSEND = YES;
				ENABLE_TESTABILITY = YES;
				GCC_C_LANGUAGE_STANDARD = gnu11;
				GCC_DYNAMIC_NO_PIC = NO;
				GCC_NO_COMMON_BLOCKS = YES;
				GCC_OPTIMIZATION_LEVEL = 0;
				GCC_PREPROCESSOR_DEFINITIONS = (
					"DEBUG=1",
					"$(inherited)",
				);
				GCC_WARN_64_TO_32_BIT_CONVERSION = YES;
				GCC_WARN_ABOUT_RETURN_TYPE = YES_ERROR;
				GCC_WARN_UNDECLARED_SELECTOR = YES;
				GCC_WARN_UNINITIALIZED_AUTOS = YES_AGGRESSIVE;
				GCC_WARN_UNUSED_FUNCTION = YES;
				GCC_WARN_UNUSED_VARIABLE = YES;
				IPHONEOS_DEPLOYMENT_TARGET = 16.2;
				MTL_ENABLE_DEBUG_INFO = INCLUDE_SOURCE;
				MTL_FAST_MATH = YES;
				ONLY_ACTIVE_ARCH = YES;
				SDKROOT = iphoneos;
				SWIFT_ACTIVE_COMPILATION_CONDITIONS = DEBUG;
				SWIFT_OPTIMIZATION_LEVEL = "-Onone";
			};
			name = Debug;
		};
		02DE95602970F54E00FC8216 /* Release */ = {
			isa = XCBuildConfiguration;
			buildSettings = {
				ALWAYS_SEARCH_USER_PATHS = NO;
				CLANG_ANALYZER_NONNULL = YES;
				CLANG_ANALYZER_NUMBER_OBJECT_CONVERSION = YES_AGGRESSIVE;
				CLANG_CXX_LANGUAGE_STANDARD = "gnu++20";
				CLANG_ENABLE_MODULES = YES;
				CLANG_ENABLE_OBJC_ARC = YES;
				CLANG_ENABLE_OBJC_WEAK = YES;
				CLANG_WARN_BLOCK_CAPTURE_AUTORELEASING = YES;
				CLANG_WARN_BOOL_CONVERSION = YES;
				CLANG_WARN_COMMA = YES;
				CLANG_WARN_CONSTANT_CONVERSION = YES;
				CLANG_WARN_DEPRECATED_OBJC_IMPLEMENTATIONS = YES;
				CLANG_WARN_DIRECT_OBJC_ISA_USAGE = YES_ERROR;
				CLANG_WARN_DOCUMENTATION_COMMENTS = YES;
				CLANG_WARN_EMPTY_BODY = YES;
				CLANG_WARN_ENUM_CONVERSION = YES;
				CLANG_WARN_INFINITE_RECURSION = YES;
				CLANG_WARN_INT_CONVERSION = YES;
				CLANG_WARN_NON_LITERAL_NULL_CONVERSION = YES;
				CLANG_WARN_OBJC_IMPLICIT_RETAIN_SELF = YES;
				CLANG_WARN_OBJC_LITERAL_CONVERSION = YES;
				CLANG_WARN_OBJC_ROOT_CLASS = YES_ERROR;
				CLANG_WARN_QUOTED_INCLUDE_IN_FRAMEWORK_HEADER = YES;
				CLANG_WARN_RANGE_LOOP_ANALYSIS = YES;
				CLANG_WARN_STRICT_PROTOTYPES = YES;
				CLANG_WARN_SUSPICIOUS_MOVE = YES;
				CLANG_WARN_UNGUARDED_AVAILABILITY = YES_AGGRESSIVE;
				CLANG_WARN_UNREACHABLE_CODE = YES;
				CLANG_WARN__DUPLICATE_METHOD_MATCH = YES;
				COPY_PHASE_STRIP = NO;
				DEBUG_INFORMATION_FORMAT = "dwarf-with-dsym";
				ENABLE_NS_ASSERTIONS = NO;
				ENABLE_STRICT_OBJC_MSGSEND = YES;
				GCC_C_LANGUAGE_STANDARD = gnu11;
				GCC_NO_COMMON_BLOCKS = YES;
				GCC_WARN_64_TO_32_BIT_CONVERSION = YES;
				GCC_WARN_ABOUT_RETURN_TYPE = YES_ERROR;
				GCC_WARN_UNDECLARED_SELECTOR = YES;
				GCC_WARN_UNINITIALIZED_AUTOS = YES_AGGRESSIVE;
				GCC_WARN_UNUSED_FUNCTION = YES;
				GCC_WARN_UNUSED_VARIABLE = YES;
				IPHONEOS_DEPLOYMENT_TARGET = 16.2;
				MTL_ENABLE_DEBUG_INFO = NO;
				MTL_FAST_MATH = YES;
				SDKROOT = iphoneos;
				SWIFT_COMPILATION_MODE = wholemodule;
				SWIFT_OPTIMIZATION_LEVEL = "-O";
				VALIDATE_PRODUCT = YES;
			};
			name = Release;
		};
		02DE95622970F54E00FC8216 /* Debug */ = {
			isa = XCBuildConfiguration;
			buildSettings = {
				ASSETCATALOG_COMPILER_APPICON_NAME = AppIcon;
				ASSETCATALOG_COMPILER_GLOBAL_ACCENT_COLOR_NAME = AccentColor;
				CODE_SIGN_STYLE = Automatic;
				CURRENT_PROJECT_VERSION = 1;
				DEVELOPMENT_ASSET_PATHS = "\"CryptoAsyncAwait/Preview Content\"";
				DEVELOPMENT_TEAM = 723HTEFHBA;
				ENABLE_PREVIEWS = YES;
				GENERATE_INFOPLIST_FILE = YES;
				INFOPLIST_KEY_UIApplicationSceneManifest_Generation = YES;
				INFOPLIST_KEY_UIApplicationSupportsIndirectInputEvents = YES;
				INFOPLIST_KEY_UILaunchScreen_Generation = YES;
				INFOPLIST_KEY_UISupportedInterfaceOrientations_iPad = "UIInterfaceOrientationPortrait UIInterfaceOrientationPortraitUpsideDown UIInterfaceOrientationLandscapeLeft UIInterfaceOrientationLandscapeRight";
				INFOPLIST_KEY_UISupportedInterfaceOrientations_iPhone = "UIInterfaceOrientationPortrait UIInterfaceOrientationLandscapeLeft UIInterfaceOrientationLandscapeRight";
				LD_RUNPATH_SEARCH_PATHS = (
					"$(inherited)",
					"@executable_path/Frameworks",
				);
				MARKETING_VERSION = 1.0;
				PRODUCT_BUNDLE_IDENTIFIER = ru.fibeApp.CryptoAsyncAwait;
				PRODUCT_NAME = "$(TARGET_NAME)";
				SWIFT_EMIT_LOC_STRINGS = YES;
				SWIFT_VERSION = 5.0;
				TARGETED_DEVICE_FAMILY = "1,2";
			};
			name = Debug;
		};
		02DE95632970F54E00FC8216 /* Release */ = {
			isa = XCBuildConfiguration;
			buildSettings = {
				ASSETCATALOG_COMPILER_APPICON_NAME = AppIcon;
				ASSETCATALOG_COMPILER_GLOBAL_ACCENT_COLOR_NAME = AccentColor;
				CODE_SIGN_STYLE = Automatic;
				CURRENT_PROJECT_VERSION = 1;
				DEVELOPMENT_ASSET_PATHS = "\"CryptoAsyncAwait/Preview Content\"";
				DEVELOPMENT_TEAM = 723HTEFHBA;
				ENABLE_PREVIEWS = YES;
				GENERATE_INFOPLIST_FILE = YES;
				INFOPLIST_KEY_UIApplicationSceneManifest_Generation = YES;
				INFOPLIST_KEY_UIApplicationSupportsIndirectInputEvents = YES;
				INFOPLIST_KEY_UILaunchScreen_Generation = YES;
				INFOPLIST_KEY_UISupportedInterfaceOrientations_iPad = "UIInterfaceOrientationPortrait UIInterfaceOrientationPortraitUpsideDown UIInterfaceOrientationLandscapeLeft UIInterfaceOrientationLandscapeRight";
				INFOPLIST_KEY_UISupportedInterfaceOrientations_iPhone = "UIInterfaceOrientationPortrait UIInterfaceOrientationLandscapeLeft UIInterfaceOrientationLandscapeRight";
				LD_RUNPATH_SEARCH_PATHS = (
					"$(inherited)",
					"@executable_path/Frameworks",
				);
				MARKETING_VERSION = 1.0;
				PRODUCT_BUNDLE_IDENTIFIER = ru.fibeApp.CryptoAsyncAwait;
				PRODUCT_NAME = "$(TARGET_NAME)";
				SWIFT_EMIT_LOC_STRINGS = YES;
				SWIFT_VERSION = 5.0;
				TARGETED_DEVICE_FAMILY = "1,2";
			};
			name = Release;
		};
/* End XCBuildConfiguration section */

/* Begin XCConfigurationList section */
		02DE954E2970F54D00FC8216 /* Build configuration list for PBXProject "CryptoAsyncAwait" */ = {
			isa = XCConfigurationList;
			buildConfigurations = (
				02DE955F2970F54E00FC8216 /* Debug */,
				02DE95602970F54E00FC8216 /* Release */,
			);
			defaultConfigurationIsVisible = 0;
			defaultConfigurationName = Release;
		};
		02DE95612970F54E00FC8216 /* Build configuration list for PBXNativeTarget "CryptoAsyncAwait" */ = {
			isa = XCConfigurationList;
			buildConfigurations = (
				02DE95622970F54E00FC8216 /* Debug */,
				02DE95632970F54E00FC8216 /* Release */,
			);
			defaultConfigurationIsVisible = 0;
			defaultConfigurationName = Release;
		};
/* End XCConfigurationList section */
	};
	rootObject = 02DE954B2970F54D00FC8216 /* Project object */;
}
