// !$*UTF8*$!
{
	archiveVersion = 1;
	classes = {
	};
	objectVersion = 56;
	objects = {

/* Begin PBXBuildFile section */
		029AAB7D293588F800E17612 /* SwiftCoinApp.swift in Sources */ = {isa = PBXBuildFile; fileRef = 029AAB7C293588F800E17612 /* SwiftCoinApp.swift */; };
		029AAB7F293588F800E17612 /* HomeView.swift in Sources */ = {isa = PBXBuildFile; fileRef = 029AAB7E293588F800E17612 /* HomeView.swift */; };
		029AAB81293588F900E17612 /* Assets.xcassets in Resources */ = {isa = PBXBuildFile; fileRef = 029AAB80293588F900E17612 /* Assets.xcassets */; };
		029AAB84293588F900E17612 /* Preview Assets.xcassets in Resources */ = {isa = PBXBuildFile; fileRef = 029AAB83293588F900E17612 /* Preview Assets.xcassets */; };
		029AAB9329358AD500E17612 /* TopMoversView.swift in Sources */ = {isa = PBXBuildFile; fileRef = 029AAB9229358AD500E17612 /* TopMoversView.swift */; };
		029AAB9529358B0300E17612 /* TopMoversItemView.swift in Sources */ = {isa = PBXBuildFile; fileRef = 029AAB9429358B0300E17612 /* TopMoversItemView.swift */; };
		029AAB982935921D00E17612 /* AllCoinsView.swift in Sources */ = {isa = PBXBuildFile; fileRef = 029AAB972935921D00E17612 /* AllCoinsView.swift */; };
		029AAB9A2935923000E17612 /* CoinsRow.swift in Sources */ = {isa = PBXBuildFile; fileRef = 029AAB992935923000E17612 /* CoinsRow.swift */; };
		029AAB9C29359C1100E17612 /* HomeViewModel.swift in Sources */ = {isa = PBXBuildFile; fileRef = 029AAB9B29359C1100E17612 /* HomeViewModel.swift */; };
		029AAB9E2935A18600E17612 /* Coin.swift in Sources */ = {isa = PBXBuildFile; fileRef = 029AAB9D2935A18600E17612 /* Coin.swift */; };
/* End PBXBuildFile section */

/* Begin PBXFileReference section */
		029AAB79293588F800E17612 /* SwiftCoin.app */ = {isa = PBXFileReference; explicitFileType = wrapper.application; includeInIndex = 0; path = SwiftCoin.app; sourceTree = BUILT_PRODUCTS_DIR; };
		029AAB7C293588F800E17612 /* SwiftCoinApp.swift */ = {isa = PBXFileReference; lastKnownFileType = sourcecode.swift; path = SwiftCoinApp.swift; sourceTree = "<group>"; };
		029AAB7E293588F800E17612 /* HomeView.swift */ = {isa = PBXFileReference; lastKnownFileType = sourcecode.swift; path = HomeView.swift; sourceTree = "<group>"; };
		029AAB80293588F900E17612 /* Assets.xcassets */ = {isa = PBXFileReference; lastKnownFileType = folder.assetcatalog; path = Assets.xcassets; sourceTree = "<group>"; };
		029AAB83293588F900E17612 /* Preview Assets.xcassets */ = {isa = PBXFileReference; lastKnownFileType = folder.assetcatalog; path = "Preview Assets.xcassets"; sourceTree = "<group>"; };
		029AAB9229358AD500E17612 /* TopMoversView.swift */ = {isa = PBXFileReference; lastKnownFileType = sourcecode.swift; path = TopMoversView.swift; sourceTree = "<group>"; };
		029AAB9429358B0300E17612 /* TopMoversItemView.swift */ = {isa = PBXFileReference; lastKnownFileType = sourcecode.swift; path = TopMoversItemView.swift; sourceTree = "<group>"; };
		029AAB96293590EA00E17612 /* README.md */ = {isa = PBXFileReference; lastKnownFileType = net.daringfireball.markdown; path = README.md; sourceTree = "<group>"; };
		029AAB972935921D00E17612 /* AllCoinsView.swift */ = {isa = PBXFileReference; lastKnownFileType = sourcecode.swift; path = AllCoinsView.swift; sourceTree = "<group>"; };
		029AAB992935923000E17612 /* CoinsRow.swift */ = {isa = PBXFileReference; lastKnownFileType = sourcecode.swift; path = CoinsRow.swift; sourceTree = "<group>"; };
		029AAB9B29359C1100E17612 /* HomeViewModel.swift */ = {isa = PBXFileReference; lastKnownFileType = sourcecode.swift; path = HomeViewModel.swift; sourceTree = "<group>"; };
		029AAB9D2935A18600E17612 /* Coin.swift */ = {isa = PBXFileReference; lastKnownFileType = sourcecode.swift; path = Coin.swift; sourceTree = "<group>"; };
/* End PBXFileReference section */

/* Begin PBXFrameworksBuildPhase section */
		029AAB76293588F800E17612 /* Frameworks */ = {
			isa = PBXFrameworksBuildPhase;
			buildActionMask = 2147483647;
			files = (
			);
			runOnlyForDeploymentPostprocessing = 0;
		};
/* End PBXFrameworksBuildPhase section */

/* Begin PBXGroup section */
		029AAB70293588F800E17612 = {
			isa = PBXGroup;
			children = (
				029AAB96293590EA00E17612 /* README.md */,
				029AAB7B293588F800E17612 /* SwiftCoin */,
				029AAB7A293588F800E17612 /* Products */,
			);
			sourceTree = "<group>";
		};
		029AAB7A293588F800E17612 /* Products */ = {
			isa = PBXGroup;
			children = (
				029AAB79293588F800E17612 /* SwiftCoin.app */,
			);
			name = Products;
			sourceTree = "<group>";
		};
		029AAB7B293588F800E17612 /* SwiftCoin */ = {
			isa = PBXGroup;
			children = (
				029AAB8D2935895200E17612 /* App */,
				029AAB8B2935894100E17612 /* Model */,
				029AAB8C2935894A00E17612 /* Core */,
				029AAB8E2935895700E17612 /* Extensions */,
				029AAB8A2935893500E17612 /* Utillities */,
				029AAB80293588F900E17612 /* Assets.xcassets */,
				029AAB82293588F900E17612 /* Preview Content */,
			);
			path = SwiftCoin;
			sourceTree = "<group>";
		};
		029AAB82293588F900E17612 /* Preview Content */ = {
			isa = PBXGroup;
			children = (
				029AAB83293588F900E17612 /* Preview Assets.xcassets */,
			);
			path = "Preview Content";
			sourceTree = "<group>";
		};
		029AAB8A2935893500E17612 /* Utillities */ = {
			isa = PBXGroup;
			children = (
			);
			path = Utillities;
			sourceTree = "<group>";
		};
		029AAB8B2935894100E17612 /* Model */ = {
			isa = PBXGroup;
			children = (
				029AAB9D2935A18600E17612 /* Coin.swift */,
			);
			path = Model;
			sourceTree = "<group>";
		};
		029AAB8C2935894A00E17612 /* Core */ = {
			isa = PBXGroup;
			children = (
				029AAB8F293589BB00E17612 /* Home */,
			);
			path = Core;
			sourceTree = "<group>";
		};
		029AAB8D2935895200E17612 /* App */ = {
			isa = PBXGroup;
			children = (
				029AAB7C293588F800E17612 /* SwiftCoinApp.swift */,
			);
			path = App;
			sourceTree = "<group>";
		};
		029AAB8E2935895700E17612 /* Extensions */ = {
			isa = PBXGroup;
			children = (
			);
			path = Extensions;
			sourceTree = "<group>";
		};
		029AAB8F293589BB00E17612 /* Home */ = {
			isa = PBXGroup;
			children = (
				029AAB91293589CC00E17612 /* ViewModel */,
				029AAB90293589C300E17612 /* View */,
			);
			path = Home;
			sourceTree = "<group>";
		};
		029AAB90293589C300E17612 /* View */ = {
			isa = PBXGroup;
			children = (
				029AAB7E293588F800E17612 /* HomeView.swift */,
				029AAB9229358AD500E17612 /* TopMoversView.swift */,
				029AAB9429358B0300E17612 /* TopMoversItemView.swift */,
				029AAB972935921D00E17612 /* AllCoinsView.swift */,
				029AAB992935923000E17612 /* CoinsRow.swift */,
			);
			path = View;
			sourceTree = "<group>";
		};
		029AAB91293589CC00E17612 /* ViewModel */ = {
			isa = PBXGroup;
			children = (
				029AAB9B29359C1100E17612 /* HomeViewModel.swift */,
			);
			path = ViewModel;
			sourceTree = "<group>";
		};
/* End PBXGroup section */

/* Begin PBXNativeTarget section */
		029AAB78293588F800E17612 /* SwiftCoin */ = {
			isa = PBXNativeTarget;
			buildConfigurationList = 029AAB87293588F900E17612 /* Build configuration list for PBXNativeTarget "SwiftCoin" */;
			buildPhases = (
				029AAB75293588F800E17612 /* Sources */,
				029AAB76293588F800E17612 /* Frameworks */,
				029AAB77293588F800E17612 /* Resources */,
			);
			buildRules = (
			);
			dependencies = (
			);
			name = SwiftCoin;
			productName = SwiftCoin;
			productReference = 029AAB79293588F800E17612 /* SwiftCoin.app */;
			productType = "com.apple.product-type.application";
		};
/* End PBXNativeTarget section */

/* Begin PBXProject section */
		029AAB71293588F800E17612 /* Project object */ = {
			isa = PBXProject;
			attributes = {
				BuildIndependentTargetsInParallel = 1;
				LastSwiftUpdateCheck = 1410;
				LastUpgradeCheck = 1410;
				TargetAttributes = {
					029AAB78293588F800E17612 = {
						CreatedOnToolsVersion = 14.1;
					};
				};
			};
			buildConfigurationList = 029AAB74293588F800E17612 /* Build configuration list for PBXProject "SwiftCoin" */;
			compatibilityVersion = "Xcode 14.0";
			developmentRegion = en;
			hasScannedForEncodings = 0;
			knownRegions = (
				en,
				Base,
			);
			mainGroup = 029AAB70293588F800E17612;
			productRefGroup = 029AAB7A293588F800E17612 /* Products */;
			projectDirPath = "";
			projectRoot = "";
			targets = (
				029AAB78293588F800E17612 /* SwiftCoin */,
			);
		};
/* End PBXProject section */

/* Begin PBXResourcesBuildPhase section */
		029AAB77293588F800E17612 /* Resources */ = {
			isa = PBXResourcesBuildPhase;
			buildActionMask = 2147483647;
			files = (
				029AAB84293588F900E17612 /* Preview Assets.xcassets in Resources */,
				029AAB81293588F900E17612 /* Assets.xcassets in Resources */,
			);
			runOnlyForDeploymentPostprocessing = 0;
		};
/* End PBXResourcesBuildPhase section */

/* Begin PBXSourcesBuildPhase section */
		029AAB75293588F800E17612 /* Sources */ = {
			isa = PBXSourcesBuildPhase;
			buildActionMask = 2147483647;
			files = (
				029AAB7F293588F800E17612 /* HomeView.swift in Sources */,
				029AAB9A2935923000E17612 /* CoinsRow.swift in Sources */,
				029AAB9C29359C1100E17612 /* HomeViewModel.swift in Sources */,
				029AAB9329358AD500E17612 /* TopMoversView.swift in Sources */,
				029AAB982935921D00E17612 /* AllCoinsView.swift in Sources */,
				029AAB7D293588F800E17612 /* SwiftCoinApp.swift in Sources */,
				029AAB9E2935A18600E17612 /* Coin.swift in Sources */,
				029AAB9529358B0300E17612 /* TopMoversItemView.swift in Sources */,
			);
			runOnlyForDeploymentPostprocessing = 0;
		};
/* End PBXSourcesBuildPhase section */

/* Begin XCBuildConfiguration section */
		029AAB85293588F900E17612 /* Debug */ = {
			isa = XCBuildConfiguration;
			buildSettings = {
				ALWAYS_SEARCH_USER_PATHS = NO;
				CLANG_ANALYZER_NONNULL = YES;
				CLANG_ANALYZER_NUMBER_OBJECT_CONVERSION = YES_AGGRESSIVE;
				CLANG_CXX_LANGUAGE_STANDARD = "gnu++20";
				CLANG_ENABLE_MODULES = YES;
				CLANG_ENABLE_OBJC_ARC = YES;
				CLANG_ENABLE_OBJC_WEAK = YES;
				CLANG_WARN_BLOCK_CAPTURE_AUTORELEASING = YES;
				CLANG_WARN_BOOL_CONVERSION = YES;
				CLANG_WARN_COMMA = YES;
				CLANG_WARN_CONSTANT_CONVERSION = YES;
				CLANG_WARN_DEPRECATED_OBJC_IMPLEMENTATIONS = YES;
				CLANG_WARN_DIRECT_OBJC_ISA_USAGE = YES_ERROR;
				CLANG_WARN_DOCUMENTATION_COMMENTS = YES;
				CLANG_WARN_EMPTY_BODY = YES;
				CLANG_WARN_ENUM_CONVERSION = YES;
				CLANG_WARN_INFINITE_RECURSION = YES;
				CLANG_WARN_INT_CONVERSION = YES;
				CLANG_WARN_NON_LITERAL_NULL_CONVERSION = YES;
				CLANG_WARN_OBJC_IMPLICIT_RETAIN_SELF = YES;
				CLANG_WARN_OBJC_LITERAL_CONVERSION = YES;
				CLANG_WARN_OBJC_ROOT_CLASS = YES_ERROR;
				CLANG_WARN_QUOTED_INCLUDE_IN_FRAMEWORK_HEADER = YES;
				CLANG_WARN_RANGE_LOOP_ANALYSIS = YES;
				CLANG_WARN_STRICT_PROTOTYPES = YES;
				CLANG_WARN_SUSPICIOUS_MOVE = YES;
				CLANG_WARN_UNGUARDED_AVAILABILITY = YES_AGGRESSIVE;
				CLANG_WARN_UNREACHABLE_CODE = YES;
				CLANG_WARN__DUPLICATE_METHOD_MATCH = YES;
				COPY_PHASE_STRIP = NO;
				DEBUG_INFORMATION_FORMAT = dwarf;
				ENABLE_STRICT_OBJC_MSGSEND = YES;
				ENABLE_TESTABILITY = YES;
				GCC_C_LANGUAGE_STANDARD = gnu11;
				GCC_DYNAMIC_NO_PIC = NO;
				GCC_NO_COMMON_BLOCKS = YES;
				GCC_OPTIMIZATION_LEVEL = 0;
				GCC_PREPROCESSOR_DEFINITIONS = (
					"DEBUG=1",
					"$(inherited)",
				);
				GCC_WARN_64_TO_32_BIT_CONVERSION = YES;
				GCC_WARN_ABOUT_RETURN_TYPE = YES_ERROR;
				GCC_WARN_UNDECLARED_SELECTOR = YES;
				GCC_WARN_UNINITIALIZED_AUTOS = YES_AGGRESSIVE;
				GCC_WARN_UNUSED_FUNCTION = YES;
				GCC_WARN_UNUSED_VARIABLE = YES;
				IPHONEOS_DEPLOYMENT_TARGET = 16.1;
				MTL_ENABLE_DEBUG_INFO = INCLUDE_SOURCE;
				MTL_FAST_MATH = YES;
				ONLY_ACTIVE_ARCH = YES;
				SDKROOT = iphoneos;
				SWIFT_ACTIVE_COMPILATION_CONDITIONS = DEBUG;
				SWIFT_OPTIMIZATION_LEVEL = "-Onone";
			};
			name = Debug;
		};
		029AAB86293588F900E17612 /* Release */ = {
			isa = XCBuildConfiguration;
			buildSettings = {
				ALWAYS_SEARCH_USER_PATHS = NO;
				CLANG_ANALYZER_NONNULL = YES;
				CLANG_ANALYZER_NUMBER_OBJECT_CONVERSION = YES_AGGRESSIVE;
				CLANG_CXX_LANGUAGE_STANDARD = "gnu++20";
				CLANG_ENABLE_MODULES = YES;
				CLANG_ENABLE_OBJC_ARC = YES;
				CLANG_ENABLE_OBJC_WEAK = YES;
				CLANG_WARN_BLOCK_CAPTURE_AUTORELEASING = YES;
				CLANG_WARN_BOOL_CONVERSION = YES;
				CLANG_WARN_COMMA = YES;
				CLANG_WARN_CONSTANT_CONVERSION = YES;
				CLANG_WARN_DEPRECATED_OBJC_IMPLEMENTATIONS = YES;
				CLANG_WARN_DIRECT_OBJC_ISA_USAGE = YES_ERROR;
				CLANG_WARN_DOCUMENTATION_COMMENTS = YES;
				CLANG_WARN_EMPTY_BODY = YES;
				CLANG_WARN_ENUM_CONVERSION = YES;
				CLANG_WARN_INFINITE_RECURSION = YES;
				CLANG_WARN_INT_CONVERSION = YES;
				CLANG_WARN_NON_LITERAL_NULL_CONVERSION = YES;
				CLANG_WARN_OBJC_IMPLICIT_RETAIN_SELF = YES;
				CLANG_WARN_OBJC_LITERAL_CONVERSION = YES;
				CLANG_WARN_OBJC_ROOT_CLASS = YES_ERROR;
				CLANG_WARN_QUOTED_INCLUDE_IN_FRAMEWORK_HEADER = YES;
				CLANG_WARN_RANGE_LOOP_ANALYSIS = YES;
				CLANG_WARN_STRICT_PROTOTYPES = YES;
				CLANG_WARN_SUSPICIOUS_MOVE = YES;
				CLANG_WARN_UNGUARDED_AVAILABILITY = YES_AGGRESSIVE;
				CLANG_WARN_UNREACHABLE_CODE = YES;
				CLANG_WARN__DUPLICATE_METHOD_MATCH = YES;
				COPY_PHASE_STRIP = NO;
				DEBUG_INFORMATION_FORMAT = "dwarf-with-dsym";
				ENABLE_NS_ASSERTIONS = NO;
				ENABLE_STRICT_OBJC_MSGSEND = YES;
				GCC_C_LANGUAGE_STANDARD = gnu11;
				GCC_NO_COMMON_BLOCKS = YES;
				GCC_WARN_64_TO_32_BIT_CONVERSION = YES;
				GCC_WARN_ABOUT_RETURN_TYPE = YES_ERROR;
				GCC_WARN_UNDECLARED_SELECTOR = YES;
				GCC_WARN_UNINITIALIZED_AUTOS = YES_AGGRESSIVE;
				GCC_WARN_UNUSED_FUNCTION = YES;
				GCC_WARN_UNUSED_VARIABLE = YES;
				IPHONEOS_DEPLOYMENT_TARGET = 16.1;
				MTL_ENABLE_DEBUG_INFO = NO;
				MTL_FAST_MATH = YES;
				SDKROOT = iphoneos;
				SWIFT_COMPILATION_MODE = wholemodule;
				SWIFT_OPTIMIZATION_LEVEL = "-O";
				VALIDATE_PRODUCT = YES;
			};
			name = Release;
		};
		029AAB88293588F900E17612 /* Debug */ = {
			isa = XCBuildConfiguration;
			buildSettings = {
				ASSETCATALOG_COMPILER_APPICON_NAME = AppIcon;
				ASSETCATALOG_COMPILER_GLOBAL_ACCENT_COLOR_NAME = AccentColor;
				CODE_SIGN_STYLE = Automatic;
				CURRENT_PROJECT_VERSION = 1;
				DEVELOPMENT_ASSET_PATHS = "\"SwiftCoin/Preview Content\"";
				DEVELOPMENT_TEAM = 723HTEFHBA;
				ENABLE_PREVIEWS = YES;
				GENERATE_INFOPLIST_FILE = YES;
				INFOPLIST_KEY_UIApplicationSceneManifest_Generation = YES;
				INFOPLIST_KEY_UIApplicationSupportsIndirectInputEvents = YES;
				INFOPLIST_KEY_UILaunchScreen_Generation = YES;
				INFOPLIST_KEY_UISupportedInterfaceOrientations_iPad = "UIInterfaceOrientationPortrait UIInterfaceOrientationPortraitUpsideDown UIInterfaceOrientationLandscapeLeft UIInterfaceOrientationLandscapeRight";
				INFOPLIST_KEY_UISupportedInterfaceOrientations_iPhone = "UIInterfaceOrientationPortrait UIInterfaceOrientationLandscapeLeft UIInterfaceOrientationLandscapeRight";
				LD_RUNPATH_SEARCH_PATHS = (
					"$(inherited)",
					"@executable_path/Frameworks",
				);
				MARKETING_VERSION = 1.0;
				PRODUCT_BUNDLE_IDENTIFIER = ru.fibeApp.SwiftCoin;
				PRODUCT_NAME = "$(TARGET_NAME)";
				SWIFT_EMIT_LOC_STRINGS = YES;
				SWIFT_VERSION = 5.0;
				TARGETED_DEVICE_FAMILY = "1,2";
			};
			name = Debug;
		};
		029AAB89293588F900E17612 /* Release */ = {
			isa = XCBuildConfiguration;
			buildSettings = {
				ASSETCATALOG_COMPILER_APPICON_NAME = AppIcon;
				ASSETCATALOG_COMPILER_GLOBAL_ACCENT_COLOR_NAME = AccentColor;
				CODE_SIGN_STYLE = Automatic;
				CURRENT_PROJECT_VERSION = 1;
				DEVELOPMENT_ASSET_PATHS = "\"SwiftCoin/Preview Content\"";
				DEVELOPMENT_TEAM = 723HTEFHBA;
				ENABLE_PREVIEWS = YES;
				GENERATE_INFOPLIST_FILE = YES;
				INFOPLIST_KEY_UIApplicationSceneManifest_Generation = YES;
				INFOPLIST_KEY_UIApplicationSupportsIndirectInputEvents = YES;
				INFOPLIST_KEY_UILaunchScreen_Generation = YES;
				INFOPLIST_KEY_UISupportedInterfaceOrientations_iPad = "UIInterfaceOrientationPortrait UIInterfaceOrientationPortraitUpsideDown UIInterfaceOrientationLandscapeLeft UIInterfaceOrientationLandscapeRight";
				INFOPLIST_KEY_UISupportedInterfaceOrientations_iPhone = "UIInterfaceOrientationPortrait UIInterfaceOrientationLandscapeLeft UIInterfaceOrientationLandscapeRight";
				LD_RUNPATH_SEARCH_PATHS = (
					"$(inherited)",
					"@executable_path/Frameworks",
				);
				MARKETING_VERSION = 1.0;
				PRODUCT_BUNDLE_IDENTIFIER = ru.fibeApp.SwiftCoin;
				PRODUCT_NAME = "$(TARGET_NAME)";
				SWIFT_EMIT_LOC_STRINGS = YES;
				SWIFT_VERSION = 5.0;
				TARGETED_DEVICE_FAMILY = "1,2";
			};
			name = Release;
		};
/* End XCBuildConfiguration section */

/* Begin XCConfigurationList section */
		029AAB74293588F800E17612 /* Build configuration list for PBXProject "SwiftCoin" */ = {
			isa = XCConfigurationList;
			buildConfigurations = (
				029AAB85293588F900E17612 /* Debug */,
				029AAB86293588F900E17612 /* Release */,
			);
			defaultConfigurationIsVisible = 0;
			defaultConfigurationName = Release;
		};
		029AAB87293588F900E17612 /* Build configuration list for PBXNativeTarget "SwiftCoin" */ = {
			isa = XCConfigurationList;
			buildConfigurations = (
				029AAB88293588F900E17612 /* Debug */,
				029AAB89293588F900E17612 /* Release */,
			);
			defaultConfigurationIsVisible = 0;
			defaultConfigurationName = Release;
		};
/* End XCConfigurationList section */
	};
	rootObject = 029AAB71293588F800E17612 /* Project object */;
}
